
Microsoft Visual Studio Solution File, Format Version 12.00
# Visual Studio Version 17
VisualStudioVersion = 17.7.34009.444
MinimumVisualStudioVersion = 10.0.40219.1
Project("{9A19103F-16F7-4668-BE54-9A1E7A4F7556}") = "ParkingTicket.DAL", "ParkingTicket.DAL\ParkingTicket.DAL.csproj", "{580E4DDA-AEB9-4B6D-A65E-7F7A3A91DFF7}"
EndProject
Project("{9A19103F-16F7-4668-BE54-9A1E7A4F7556}") = "ParkingTicket.Logger", "ParkingTicket.Logger\ParkingTicket.Logger.csproj", "{CDC310F0-459B-4330-9674-B06960E9C6E0}"
EndProject
Project("{9A19103F-16F7-4668-BE54-9A1E7A4F7556}") = "ParkingTicket.Logic", "ParkingTicket.Logic\ParkingTicket.Logic.csproj", "{95A983BA-A388-400D-BB41-63F0BCB17C82}"
EndProject
Project("{9A19103F-16F7-4668-BE54-9A1E7A4F7556}") = "ParkingTicket.UI", "ParkingTicket.UI\ParkingTicket.UI.csproj", "{D494AFA7-462C-4F60-B056-5AE344C7575C}"
EndProject
Project("{9A19103F-16F7-4668-BE54-9A1E7A4F7556}") = "ParkingTicket.Logic.Tests", "ParkingTicket.Logic.Tests\ParkingTicket.Logic.Tests.csproj", "{D6A14671-03FE-4667-8555-DC2EB98D324C}"
EndProject
Global
	GlobalSection(SolutionConfigurationPlatforms) = preSolution
		Debug|Any CPU = Debug|Any CPU
		Release|Any CPU = Release|Any CPU
	EndGlobalSection
	GlobalSection(ProjectConfigurationPlatforms) = postSolution
		{580E4DDA-AEB9-4B6D-A65E-7F7A3A91DFF7}.Debug|Any CPU.ActiveCfg = Debug|Any CPU
		{580E4DDA-AEB9-4B6D-A65E-7F7A3A91DFF7}.Debug|Any CPU.Build.0 = Debug|Any CPU
		{580E4DDA-AEB9-4B6D-A65E-7F7A3A91DFF7}.Release|Any CPU.ActiveCfg = Release|Any CPU
		{580E4DDA-AEB9-4B6D-A65E-7F7A3A91DFF7}.Release|Any CPU.Build.0 = Release|Any CPU
		{CDC310F0-459B-4330-9674-B06960E9C6E0}.Debug|Any CPU.ActiveCfg = Debug|Any CPU
		{CDC310F0-459B-4330-9674-B06960E9C6E0}.Debug|Any CPU.Build.0 = Debug|Any CPU
		{CDC310F0-459B-4330-9674-B06960E9C6E0}.Release|Any CPU.ActiveCfg = Release|Any CPU
		{CDC310F0-459B-4330-9674-B06960E9C6E0}.Release|Any CPU.Build.0 = Release|Any CPU
		{95A983BA-A388-400D-BB41-63F0BCB17C82}.Debug|Any CPU.ActiveCfg = Debug|Any CPU
		{95A983BA-A388-400D-BB41-63F0BCB17C82}.Debug|Any CPU.Build.0 = Debug|Any CPU
		{95A983BA-A388-400D-BB41-63F0BCB17C82}.Release|Any CPU.ActiveCfg = Release|Any CPU
		{95A983BA-A388-400D-BB41-63F0BCB17C82}.Release|Any CPU.Build.0 = Release|Any CPU
		{D494AFA7-462C-4F60-B056-5AE344C7575C}.Debug|Any CPU.ActiveCfg = Debug|Any CPU
		{D494AFA7-462C-4F60-B056-5AE344C7575C}.Debug|Any CPU.Build.0 = Debug|Any CPU
		{D494AFA7-462C-4F60-B056-5AE344C7575C}.Release|Any CPU.ActiveCfg = Release|Any CPU
		{D494AFA7-462C-4F60-B056-5AE344C7575C}.Release|Any CPU.Build.0 = Release|Any CPU
		{D6A14671-03FE-4667-8555-DC2EB98D324C}.Debug|Any CPU.ActiveCfg = Debug|Any CPU
		{D6A14671-03FE-4667-8555-DC2EB98D324C}.Debug|Any CPU.Build.0 = Debug|Any CPU
		{D6A14671-03FE-4667-8555-DC2EB98D324C}.Release|Any CPU.ActiveCfg = Release|Any CPU
		{D6A14671-03FE-4667-8555-DC2EB98D324C}.Release|Any CPU.Build.0 = Release|Any CPU
	EndGlobalSection
	GlobalSection(SolutionProperties) = preSolution
		HideSolutionNode = FALSE
	EndGlobalSection
	GlobalSection(ExtensibilityGlobals) = postSolution
		SolutionGuid = {C0D9427C-2910-4FA8-A3EB-72E67CC723C3}
	EndGlobalSection
EndGlobal
