
Microsoft Visual Studio Solution File, Format Version 12.00
# Visual Studio Version 16
VisualStudioVersion = 16.0.28803.352
MinimumVisualStudioVersion = 10.0.40219.1
Project("{FAE04EC0-301F-11D3-BF4B-00C04F79EFBC}") = "ParkingTicketLogic", "ParkingTicketLogic\ParkingTicketLogic.csproj", "{1D0EFD41-068D-4D64-83AB-FC6B9E429E44}"
EndProject
Project("{FAE04EC0-301F-11D3-BF4B-00C04F79EFBC}") = "ParkingTicketLogic.Test", "ParkingTicketLogic.Test\ParkingTicketLogic.Test.csproj", "{80CD0980-8360-4003-B51D-DDBE747C05A9}"
EndProject
Project("{FAE04EC0-301F-11D3-BF4B-00C04F79EFBC}") = "ParkingTicket.DataAccess", "ParkingTicket.DataAccess\ParkingTicket.DataAccess.csproj", "{BD7BB194-4BCB-4631-81F7-AAECD80B3FAF}"
EndProject
Project("{FAE04EC0-301F-11D3-BF4B-00C04F79EFBC}") = "ParkingTicketFrontEnd", "ParkingTicketFrontEnd\ParkingTicketFrontEnd.csproj", "{4926EE16-A416-44FA-A9FA-9E22A85AB6B7}"
EndProject
Global
	GlobalSection(SolutionConfigurationPlatforms) = preSolution
		Debug|Any CPU = Debug|Any CPU
		Release|Any CPU = Release|Any CPU
	EndGlobalSection
	GlobalSection(ProjectConfigurationPlatforms) = postSolution
		{1D0EFD41-068D-4D64-83AB-FC6B9E429E44}.Debug|Any CPU.ActiveCfg = Debug|Any CPU
		{1D0EFD41-068D-4D64-83AB-FC6B9E429E44}.Debug|Any CPU.Build.0 = Debug|Any CPU
		{1D0EFD41-068D-4D64-83AB-FC6B9E429E44}.Release|Any CPU.ActiveCfg = Release|Any CPU
		{1D0EFD41-068D-4D64-83AB-FC6B9E429E44}.Release|Any CPU.Build.0 = Release|Any CPU
		{80CD0980-8360-4003-B51D-DDBE747C05A9}.Debug|Any CPU.ActiveCfg = Debug|Any CPU
		{80CD0980-8360-4003-B51D-DDBE747C05A9}.Debug|Any CPU.Build.0 = Debug|Any CPU
		{80CD0980-8360-4003-B51D-DDBE747C05A9}.Release|Any CPU.ActiveCfg = Release|Any CPU
		{80CD0980-8360-4003-B51D-DDBE747C05A9}.Release|Any CPU.Build.0 = Release|Any CPU
		{BD7BB194-4BCB-4631-81F7-AAECD80B3FAF}.Debug|Any CPU.ActiveCfg = Debug|Any CPU
		{BD7BB194-4BCB-4631-81F7-AAECD80B3FAF}.Debug|Any CPU.Build.0 = Debug|Any CPU
		{BD7BB194-4BCB-4631-81F7-AAECD80B3FAF}.Release|Any CPU.ActiveCfg = Release|Any CPU
		{BD7BB194-4BCB-4631-81F7-AAECD80B3FAF}.Release|Any CPU.Build.0 = Release|Any CPU
		{4926EE16-A416-44FA-A9FA-9E22A85AB6B7}.Debug|Any CPU.ActiveCfg = Debug|Any CPU
		{4926EE16-A416-44FA-A9FA-9E22A85AB6B7}.Debug|Any CPU.Build.0 = Debug|Any CPU
		{4926EE16-A416-44FA-A9FA-9E22A85AB6B7}.Release|Any CPU.ActiveCfg = Release|Any CPU
		{4926EE16-A416-44FA-A9FA-9E22A85AB6B7}.Release|Any CPU.Build.0 = Release|Any CPU
	EndGlobalSection
	GlobalSection(SolutionProperties) = preSolution
		HideSolutionNode = FALSE
	EndGlobalSection
	GlobalSection(ExtensibilityGlobals) = postSolution
		SolutionGuid = {C0D9427C-2910-4FA8-A3EB-72E67CC723C3}
	EndGlobalSection
EndGlobal
